
Microsoft Visual Studio Solution File, Format Version 12.00
# Visual Studio Version 16
VisualStudioVersion = 16.0.32413.511
MinimumVisualStudioVersion = 10.0.40219.1
Project("{FAE04EC0-301F-11D3-BF4B-00C04F79EFBC}") = "Web_Api_Core_Api_Versioning", "Web_Api_Core_Api_Versioning\Web_Api_Core_Api_Versioning.csproj", "{82991FF9-95FE-4335-A49D-EC01C00FDCE1}"
EndProject
Global
	GlobalSection(SolutionConfigurationPlatforms) = preSolution
		Debug|Any CPU = Debug|Any CPU
		Release|Any CPU = Release|Any CPU
	EndGlobalSection
	GlobalSection(ProjectConfigurationPlatforms) = postSolution
		{82991FF9-95FE-4335-A49D-EC01C00FDCE1}.Debug|Any CPU.ActiveCfg = Debug|Any CPU
		{82991FF9-95FE-4335-A49D-EC01C00FDCE1}.Debug|Any CPU.Build.0 = Debug|Any CPU
		{82991FF9-95FE-4335-A49D-EC01C00FDCE1}.Release|Any CPU.ActiveCfg = Release|Any CPU
		{82991FF9-95FE-4335-A49D-EC01C00FDCE1}.Release|Any CPU.Build.0 = Release|Any CPU
	EndGlobalSection
	GlobalSection(SolutionProperties) = preSolution
		HideSolutionNode = FALSE
	EndGlobalSection
	GlobalSection(ExtensibilityGlobals) = postSolution
		SolutionGuid = {94AE1AFF-C177-47CC-8AE9-92CA1953E915}
	EndGlobalSection
EndGlobal
